// !$*UTF8*$!
{
	archiveVersion = 1;
	classes = {
	};
	objectVersion = 56;
	objects = {

/* Begin PBXBuildFile section */
		D1126C632CE3092700F3558A /* SwipeApp.swift in Sources */ = {isa = PBXBuildFile; fileRef = D1126C622CE3092700F3558A /* SwipeApp.swift */; };
		D1126C652CE3092700F3558A /* ContentView.swift in Sources */ = {isa = PBXBuildFile; fileRef = D1126C642CE3092700F3558A /* ContentView.swift */; };
		D1126C672CE3092900F3558A /* Assets.xcassets in Resources */ = {isa = PBXBuildFile; fileRef = D1126C662CE3092900F3558A /* Assets.xcassets */; };
		D1126C6A2CE3092900F3558A /* Preview Assets.xcassets in Resources */ = {isa = PBXBuildFile; fileRef = D1126C692CE3092900F3558A /* Preview Assets.xcassets */; };
		D1126C752CE3177B00F3558A /* SwipeModel.swift in Sources */ = {isa = PBXBuildFile; fileRef = D1126C742CE3177B00F3558A /* SwipeModel.swift */; };
		D1126C772CE3183F00F3558A /* SwipeVM.swift in Sources */ = {isa = PBXBuildFile; fileRef = D1126C762CE3183F00F3558A /* SwipeVM.swift */; };
		D1126C792CE31C2900F3558A /* ProductCardView.swift in Sources */ = {isa = PBXBuildFile; fileRef = D1126C782CE31C2900F3558A /* ProductCardView.swift */; };
		D1126C7B2CE3292D00F3558A /* ProductListView.swift in Sources */ = {isa = PBXBuildFile; fileRef = D1126C7A2CE3292D00F3558A /* ProductListView.swift */; };
		D1126C7D2CE3378900F3558A /* SearchBarView.swift in Sources */ = {isa = PBXBuildFile; fileRef = D1126C7C2CE3378900F3558A /* SearchBarView.swift */; };
		D1126C7F2CE46E6800F3558A /* FullWidthProductCardView.swift in Sources */ = {isa = PBXBuildFile; fileRef = D1126C7E2CE46E6800F3558A /* FullWidthProductCardView.swift */; };
		D1126C822CE48A0A00F3558A /* NeuePlak-Regular.ttf in Resources */ = {isa = PBXBuildFile; fileRef = D1126C802CE48A0900F3558A /* NeuePlak-Regular.ttf */; };
		D1126C832CE48A0A00F3558A /* NeuePlak-ExtraBlack.ttf in Resources */ = {isa = PBXBuildFile; fileRef = D1126C812CE48A0900F3558A /* NeuePlak-ExtraBlack.ttf */; };
		D1126C892CE48D7B00F3558A /* Extensions.swift in Sources */ = {isa = PBXBuildFile; fileRef = D1126C882CE48D7B00F3558A /* Extensions.swift */; };
		D1126C8B2CE4AC9F00F3558A /* AddView.swift in Sources */ = {isa = PBXBuildFile; fileRef = D1126C8A2CE4AC9F00F3558A /* AddView.swift */; };
		D1126C8D2CE5015100F3558A /* NetworkManager.swift in Sources */ = {isa = PBXBuildFile; fileRef = D1126C8C2CE5015100F3558A /* NetworkManager.swift */; };
		D1126C952CE7B5C800F3558A /* TextFieldView.swift in Sources */ = {isa = PBXBuildFile; fileRef = D1126C942CE7B5C800F3558A /* TextFieldView.swift */; };
		D1126C9E2CE9E7F000F3558A /* RiveRuntime in Frameworks */ = {isa = PBXBuildFile; productRef = D1126C9D2CE9E7F000F3558A /* RiveRuntime */; };
		D1126CA02CE9E87600F3558A /* RivePullToRefreshView.swift in Sources */ = {isa = PBXBuildFile; fileRef = D1126C9F2CE9E87600F3558A /* RivePullToRefreshView.swift */; };
		D1126CA52CEB67DB00F3558A /* pull_to_refresh_use_case.riv in Resources */ = {isa = PBXBuildFile; fileRef = D1126CA42CEB67DA00F3558A /* pull_to_refresh_use_case.riv */; };
		D1126CAA2CEB6E3600F3558A /* Lottie in Frameworks */ = {isa = PBXBuildFile; productRef = D1126CA92CEB6E3600F3558A /* Lottie */; };
		D1126CAC2CEB6FB400F3558A /* LottieView.swift in Sources */ = {isa = PBXBuildFile; fileRef = D1126CAB2CEB6FB400F3558A /* LottieView.swift */; };
		D1126CAE2CEB71D200F3558A /* img-placeholder.json in Resources */ = {isa = PBXBuildFile; fileRef = D1126CAD2CEB71D100F3558A /* img-placeholder.json */; };
		D1126CB02CEC82DB00F3558A /* no-network.json in Resources */ = {isa = PBXBuildFile; fileRef = D1126CAF2CEC82DB00F3558A /* no-network.json */; };
		D145A5A22CED68AD00B2E9E8 /* IMG_7812.MOV in Resources */ = {isa = PBXBuildFile; fileRef = D145A5A12CED68AC00B2E9E8 /* IMG_7812.MOV */; };
		D145A5A42CED6B8E00B2E9E8 /* IntroView.swift in Sources */ = {isa = PBXBuildFile; fileRef = D145A5A32CED6B8E00B2E9E8 /* IntroView.swift */; };
/* End PBXBuildFile section */

/* Begin PBXFileReference section */
		D1126C5F2CE3092700F3558A /* Swipe.app */ = {isa = PBXFileReference; explicitFileType = wrapper.application; includeInIndex = 0; path = Swipe.app; sourceTree = BUILT_PRODUCTS_DIR; };
		D1126C622CE3092700F3558A /* SwipeApp.swift */ = {isa = PBXFileReference; lastKnownFileType = sourcecode.swift; path = SwipeApp.swift; sourceTree = "<group>"; };
		D1126C642CE3092700F3558A /* ContentView.swift */ = {isa = PBXFileReference; lastKnownFileType = sourcecode.swift; path = ContentView.swift; sourceTree = "<group>"; };
		D1126C662CE3092900F3558A /* Assets.xcassets */ = {isa = PBXFileReference; lastKnownFileType = folder.assetcatalog; path = Assets.xcassets; sourceTree = "<group>"; };
		D1126C692CE3092900F3558A /* Preview Assets.xcassets */ = {isa = PBXFileReference; lastKnownFileType = folder.assetcatalog; path = "Preview Assets.xcassets"; sourceTree = "<group>"; };
		D1126C742CE3177B00F3558A /* SwipeModel.swift */ = {isa = PBXFileReference; lastKnownFileType = sourcecode.swift; path = SwipeModel.swift; sourceTree = "<group>"; };
		D1126C762CE3183F00F3558A /* SwipeVM.swift */ = {isa = PBXFileReference; lastKnownFileType = sourcecode.swift; path = SwipeVM.swift; sourceTree = "<group>"; };
		D1126C782CE31C2900F3558A /* ProductCardView.swift */ = {isa = PBXFileReference; lastKnownFileType = sourcecode.swift; path = ProductCardView.swift; sourceTree = "<group>"; };
		D1126C7A2CE3292D00F3558A /* ProductListView.swift */ = {isa = PBXFileReference; lastKnownFileType = sourcecode.swift; path = ProductListView.swift; sourceTree = "<group>"; };
		D1126C7C2CE3378900F3558A /* SearchBarView.swift */ = {isa = PBXFileReference; lastKnownFileType = sourcecode.swift; path = SearchBarView.swift; sourceTree = "<group>"; };
		D1126C7E2CE46E6800F3558A /* FullWidthProductCardView.swift */ = {isa = PBXFileReference; lastKnownFileType = sourcecode.swift; path = FullWidthProductCardView.swift; sourceTree = "<group>"; };
		D1126C802CE48A0900F3558A /* NeuePlak-Regular.ttf */ = {isa = PBXFileReference; lastKnownFileType = file; path = "NeuePlak-Regular.ttf"; sourceTree = "<group>"; };
		D1126C812CE48A0900F3558A /* NeuePlak-ExtraBlack.ttf */ = {isa = PBXFileReference; lastKnownFileType = file; path = "NeuePlak-ExtraBlack.ttf"; sourceTree = "<group>"; };
		D1126C842CE48A8700F3558A /* Info.plist */ = {isa = PBXFileReference; lastKnownFileType = text.plist; path = Info.plist; sourceTree = "<group>"; };
		D1126C882CE48D7B00F3558A /* Extensions.swift */ = {isa = PBXFileReference; lastKnownFileType = sourcecode.swift; path = Extensions.swift; sourceTree = "<group>"; };
		D1126C8A2CE4AC9F00F3558A /* AddView.swift */ = {isa = PBXFileReference; lastKnownFileType = sourcecode.swift; path = AddView.swift; sourceTree = "<group>"; };
		D1126C8C2CE5015100F3558A /* NetworkManager.swift */ = {isa = PBXFileReference; lastKnownFileType = sourcecode.swift; path = NetworkManager.swift; sourceTree = "<group>"; };
		D1126C942CE7B5C800F3558A /* TextFieldView.swift */ = {isa = PBXFileReference; lastKnownFileType = sourcecode.swift; path = TextFieldView.swift; sourceTree = "<group>"; };
		D1126C9F2CE9E87600F3558A /* RivePullToRefreshView.swift */ = {isa = PBXFileReference; lastKnownFileType = sourcecode.swift; path = RivePullToRefreshView.swift; sourceTree = "<group>"; };
		D1126CA42CEB67DA00F3558A /* pull_to_refresh_use_case.riv */ = {isa = PBXFileReference; lastKnownFileType = file; path = pull_to_refresh_use_case.riv; sourceTree = "<group>"; };
		D1126CAB2CEB6FB400F3558A /* LottieView.swift */ = {isa = PBXFileReference; lastKnownFileType = sourcecode.swift; path = LottieView.swift; sourceTree = "<group>"; };
		D1126CAD2CEB71D100F3558A /* img-placeholder.json */ = {isa = PBXFileReference; fileEncoding = 4; lastKnownFileType = text.json; path = "img-placeholder.json"; sourceTree = "<group>"; };
		D1126CAF2CEC82DB00F3558A /* no-network.json */ = {isa = PBXFileReference; fileEncoding = 4; lastKnownFileType = text.json; path = "no-network.json"; sourceTree = "<group>"; };
		D145A5A12CED68AC00B2E9E8 /* IMG_7812.MOV */ = {isa = PBXFileReference; lastKnownFileType = video.quicktime; path = IMG_7812.MOV; sourceTree = "<group>"; };
		D145A5A32CED6B8E00B2E9E8 /* IntroView.swift */ = {isa = PBXFileReference; lastKnownFileType = sourcecode.swift; path = IntroView.swift; sourceTree = "<group>"; };
/* End PBXFileReference section */

/* Begin PBXFrameworksBuildPhase section */
		D1126C5C2CE3092700F3558A /* Frameworks */ = {
			isa = PBXFrameworksBuildPhase;
			buildActionMask = 2147483647;
			files = (
				D1126C9E2CE9E7F000F3558A /* RiveRuntime in Frameworks */,
				D1126CAA2CEB6E3600F3558A /* Lottie in Frameworks */,
			);
			runOnlyForDeploymentPostprocessing = 0;
		};
/* End PBXFrameworksBuildPhase section */

/* Begin PBXGroup section */
		D1126C562CE3092700F3558A = {
			isa = PBXGroup;
			children = (
				D1126C612CE3092700F3558A /* Swipe */,
				D1126C602CE3092700F3558A /* Products */,
			);
			sourceTree = "<group>";
		};
		D1126C602CE3092700F3558A /* Products */ = {
			isa = PBXGroup;
			children = (
				D1126C5F2CE3092700F3558A /* Swipe.app */,
			);
			name = Products;
			sourceTree = "<group>";
		};
		D1126C612CE3092700F3558A /* Swipe */ = {
			isa = PBXGroup;
			children = (
				D1126CA32CEB67CC00F3558A /* Animations */,
				D1126C852CE48BAA00F3558A /* Extensions */,
				D1126C842CE48A8700F3558A /* Info.plist */,
				D1126C732CE309EF00F3558A /* Model */,
				D1126C722CE309EA00F3558A /* View */,
				D1126C712CE309E300F3558A /* ViewModel */,
				D1126C622CE3092700F3558A /* SwipeApp.swift */,
				D1126C642CE3092700F3558A /* ContentView.swift */,
				D145A5A12CED68AC00B2E9E8 /* IMG_7812.MOV */,
				D1126C662CE3092900F3558A /* Assets.xcassets */,
				D1126C812CE48A0900F3558A /* NeuePlak-ExtraBlack.ttf */,
				D1126C802CE48A0900F3558A /* NeuePlak-Regular.ttf */,
				D1126C682CE3092900F3558A /* Preview Content */,
			);
			path = Swipe;
			sourceTree = "<group>";
		};
		D1126C682CE3092900F3558A /* Preview Content */ = {
			isa = PBXGroup;
			children = (
				D1126C692CE3092900F3558A /* Preview Assets.xcassets */,
			);
			path = "Preview Content";
			sourceTree = "<group>";
		};
		D1126C712CE309E300F3558A /* ViewModel */ = {
			isa = PBXGroup;
			children = (
				D1126C762CE3183F00F3558A /* SwipeVM.swift */,
				D1126C8C2CE5015100F3558A /* NetworkManager.swift */,
			);
			path = ViewModel;
			sourceTree = "<group>";
		};
		D1126C722CE309EA00F3558A /* View */ = {
			isa = PBXGroup;
			children = (
				D1126C782CE31C2900F3558A /* ProductCardView.swift */,
				D1126C7E2CE46E6800F3558A /* FullWidthProductCardView.swift */,
				D1126C7A2CE3292D00F3558A /* ProductListView.swift */,
				D1126C7C2CE3378900F3558A /* SearchBarView.swift */,
				D1126C9F2CE9E87600F3558A /* RivePullToRefreshView.swift */,
				D1126C8A2CE4AC9F00F3558A /* AddView.swift */,
				D1126C942CE7B5C800F3558A /* TextFieldView.swift */,
				D1126CAB2CEB6FB400F3558A /* LottieView.swift */,
				D145A5A32CED6B8E00B2E9E8 /* IntroView.swift */,
			);
			path = View;
			sourceTree = "<group>";
		};
		D1126C732CE309EF00F3558A /* Model */ = {
			isa = PBXGroup;
			children = (
				D1126C742CE3177B00F3558A /* SwipeModel.swift */,
			);
			path = Model;
			sourceTree = "<group>";
		};
		D1126C852CE48BAA00F3558A /* Extensions */ = {
			isa = PBXGroup;
			children = (
				D1126C882CE48D7B00F3558A /* Extensions.swift */,
			);
			path = Extensions;
			sourceTree = "<group>";
		};
		D1126CA32CEB67CC00F3558A /* Animations */ = {
			isa = PBXGroup;
			children = (
				D1126CAF2CEC82DB00F3558A /* no-network.json */,
				D1126CAD2CEB71D100F3558A /* img-placeholder.json */,
				D1126CA42CEB67DA00F3558A /* pull_to_refresh_use_case.riv */,
			);
			path = Animations;
			sourceTree = "<group>";
		};
/* End PBXGroup section */

/* Begin PBXNativeTarget section */
		D1126C5E2CE3092700F3558A /* Swipe */ = {
			isa = PBXNativeTarget;
			buildConfigurationList = D1126C6D2CE3092900F3558A /* Build configuration list for PBXNativeTarget "Swipe" */;
			buildPhases = (
				D1126C5B2CE3092700F3558A /* Sources */,
				D1126C5C2CE3092700F3558A /* Frameworks */,
				D1126C5D2CE3092700F3558A /* Resources */,
			);
			buildRules = (
			);
			dependencies = (
			);
			name = Swipe;
			packageProductDependencies = (
				D1126C9D2CE9E7F000F3558A /* RiveRuntime */,
				D1126CA92CEB6E3600F3558A /* Lottie */,
			);
			productName = Swipe;
			productReference = D1126C5F2CE3092700F3558A /* Swipe.app */;
			productType = "com.apple.product-type.application";
		};
/* End PBXNativeTarget section */

/* Begin PBXProject section */
		D1126C572CE3092700F3558A /* Project object */ = {
			isa = PBXProject;
			attributes = {
				BuildIndependentTargetsInParallel = 1;
				LastSwiftUpdateCheck = 1520;
				LastUpgradeCheck = 1520;
				TargetAttributes = {
					D1126C5E2CE3092700F3558A = {
						CreatedOnToolsVersion = 15.2;
					};
				};
			};
			buildConfigurationList = D1126C5A2CE3092700F3558A /* Build configuration list for PBXProject "Swipe" */;
			compatibilityVersion = "Xcode 14.0";
			developmentRegion = en;
			hasScannedForEncodings = 0;
			knownRegions = (
				en,
				Base,
			);
			mainGroup = D1126C562CE3092700F3558A;
			packageReferences = (
				D1126C9C2CE9E7F000F3558A /* XCRemoteSwiftPackageReference "rive-ios" */,
				D1126CA82CEB6E3600F3558A /* XCRemoteSwiftPackageReference "lottie-ios" */,
			);
			productRefGroup = D1126C602CE3092700F3558A /* Products */;
			projectDirPath = "";
			projectRoot = "";
			targets = (
				D1126C5E2CE3092700F3558A /* Swipe */,
			);
		};
/* End PBXProject section */

/* Begin PBXResourcesBuildPhase section */
		D1126C5D2CE3092700F3558A /* Resources */ = {
			isa = PBXResourcesBuildPhase;
			buildActionMask = 2147483647;
			files = (
				D1126C6A2CE3092900F3558A /* Preview Assets.xcassets in Resources */,
				D1126C672CE3092900F3558A /* Assets.xcassets in Resources */,
				D145A5A22CED68AD00B2E9E8 /* IMG_7812.MOV in Resources */,
				D1126CB02CEC82DB00F3558A /* no-network.json in Resources */,
				D1126C832CE48A0A00F3558A /* NeuePlak-ExtraBlack.ttf in Resources */,
				D1126C822CE48A0A00F3558A /* NeuePlak-Regular.ttf in Resources */,
				D1126CA52CEB67DB00F3558A /* pull_to_refresh_use_case.riv in Resources */,
				D1126CAE2CEB71D200F3558A /* img-placeholder.json in Resources */,
			);
			runOnlyForDeploymentPostprocessing = 0;
		};
/* End PBXResourcesBuildPhase section */

/* Begin PBXSourcesBuildPhase section */
		D1126C5B2CE3092700F3558A /* Sources */ = {
			isa = PBXSourcesBuildPhase;
			buildActionMask = 2147483647;
			files = (
				D1126C7B2CE3292D00F3558A /* ProductListView.swift in Sources */,
				D1126C892CE48D7B00F3558A /* Extensions.swift in Sources */,
				D1126C8B2CE4AC9F00F3558A /* AddView.swift in Sources */,
				D1126C952CE7B5C800F3558A /* TextFieldView.swift in Sources */,
				D1126C652CE3092700F3558A /* ContentView.swift in Sources */,
				D1126C8D2CE5015100F3558A /* NetworkManager.swift in Sources */,
				D1126CAC2CEB6FB400F3558A /* LottieView.swift in Sources */,
				D1126C7F2CE46E6800F3558A /* FullWidthProductCardView.swift in Sources */,
				D1126C752CE3177B00F3558A /* SwipeModel.swift in Sources */,
				D1126C7D2CE3378900F3558A /* SearchBarView.swift in Sources */,
				D1126C632CE3092700F3558A /* SwipeApp.swift in Sources */,
				D1126CA02CE9E87600F3558A /* RivePullToRefreshView.swift in Sources */,
				D145A5A42CED6B8E00B2E9E8 /* IntroView.swift in Sources */,
				D1126C772CE3183F00F3558A /* SwipeVM.swift in Sources */,
				D1126C792CE31C2900F3558A /* ProductCardView.swift in Sources */,
			);
			runOnlyForDeploymentPostprocessing = 0;
		};
/* End PBXSourcesBuildPhase section */

/* Begin XCBuildConfiguration section */
		D1126C6B2CE3092900F3558A /* Debug */ = {
			isa = XCBuildConfiguration;
			buildSettings = {
				ALWAYS_SEARCH_USER_PATHS = NO;
				ASSETCATALOG_COMPILER_GENERATE_SWIFT_ASSET_SYMBOL_EXTENSIONS = YES;
				CLANG_ANALYZER_NONNULL = YES;
				CLANG_ANALYZER_NUMBER_OBJECT_CONVERSION = YES_AGGRESSIVE;
				CLANG_CXX_LANGUAGE_STANDARD = "gnu++20";
				CLANG_ENABLE_MODULES = YES;
				CLANG_ENABLE_OBJC_ARC = YES;
				CLANG_ENABLE_OBJC_WEAK = YES;
				CLANG_WARN_BLOCK_CAPTURE_AUTORELEASING = YES;
				CLANG_WARN_BOOL_CONVERSION = YES;
				CLANG_WARN_COMMA = YES;
				CLANG_WARN_CONSTANT_CONVERSION = YES;
				CLANG_WARN_DEPRECATED_OBJC_IMPLEMENTATIONS = YES;
				CLANG_WARN_DIRECT_OBJC_ISA_USAGE = YES_ERROR;
				CLANG_WARN_DOCUMENTATION_COMMENTS = YES;
				CLANG_WARN_EMPTY_BODY = YES;
				CLANG_WARN_ENUM_CONVERSION = YES;
				CLANG_WARN_INFINITE_RECURSION = YES;
				CLANG_WARN_INT_CONVERSION = YES;
				CLANG_WARN_NON_LITERAL_NULL_CONVERSION = YES;
				CLANG_WARN_OBJC_IMPLICIT_RETAIN_SELF = YES;
				CLANG_WARN_OBJC_LITERAL_CONVERSION = YES;
				CLANG_WARN_OBJC_ROOT_CLASS = YES_ERROR;
				CLANG_WARN_QUOTED_INCLUDE_IN_FRAMEWORK_HEADER = YES;
				CLANG_WARN_RANGE_LOOP_ANALYSIS = YES;
				CLANG_WARN_STRICT_PROTOTYPES = YES;
				CLANG_WARN_SUSPICIOUS_MOVE = YES;
				CLANG_WARN_UNGUARDED_AVAILABILITY = YES_AGGRESSIVE;
				CLANG_WARN_UNREACHABLE_CODE = YES;
				CLANG_WARN__DUPLICATE_METHOD_MATCH = YES;
				COPY_PHASE_STRIP = NO;
				DEBUG_INFORMATION_FORMAT = dwarf;
				ENABLE_STRICT_OBJC_MSGSEND = YES;
				ENABLE_TESTABILITY = YES;
				ENABLE_USER_SCRIPT_SANDBOXING = YES;
				GCC_C_LANGUAGE_STANDARD = gnu17;
				GCC_DYNAMIC_NO_PIC = NO;
				GCC_NO_COMMON_BLOCKS = YES;
				GCC_OPTIMIZATION_LEVEL = 0;
				GCC_PREPROCESSOR_DEFINITIONS = (
					"DEBUG=1",
					"$(inherited)",
				);
				GCC_WARN_64_TO_32_BIT_CONVERSION = YES;
				GCC_WARN_ABOUT_RETURN_TYPE = YES_ERROR;
				GCC_WARN_UNDECLARED_SELECTOR = YES;
				GCC_WARN_UNINITIALIZED_AUTOS = YES_AGGRESSIVE;
				GCC_WARN_UNUSED_FUNCTION = YES;
				GCC_WARN_UNUSED_VARIABLE = YES;
				IPHONEOS_DEPLOYMENT_TARGET = 17.2;
				LOCALIZATION_PREFERS_STRING_CATALOGS = YES;
				MTL_ENABLE_DEBUG_INFO = INCLUDE_SOURCE;
				MTL_FAST_MATH = YES;
				ONLY_ACTIVE_ARCH = YES;
				SDKROOT = iphoneos;
				SWIFT_ACTIVE_COMPILATION_CONDITIONS = "DEBUG $(inherited)";
				SWIFT_OPTIMIZATION_LEVEL = "-Onone";
			};
			name = Debug;
		};
		D1126C6C2CE3092900F3558A /* Release */ = {
			isa = XCBuildConfiguration;
			buildSettings = {
				ALWAYS_SEARCH_USER_PATHS = NO;
				ASSETCATALOG_COMPILER_GENERATE_SWIFT_ASSET_SYMBOL_EXTENSIONS = YES;
				CLANG_ANALYZER_NONNULL = YES;
				CLANG_ANALYZER_NUMBER_OBJECT_CONVERSION = YES_AGGRESSIVE;
				CLANG_CXX_LANGUAGE_STANDARD = "gnu++20";
				CLANG_ENABLE_MODULES = YES;
				CLANG_ENABLE_OBJC_ARC = YES;
				CLANG_ENABLE_OBJC_WEAK = YES;
				CLANG_WARN_BLOCK_CAPTURE_AUTORELEASING = YES;
				CLANG_WARN_BOOL_CONVERSION = YES;
				CLANG_WARN_COMMA = YES;
				CLANG_WARN_CONSTANT_CONVERSION = YES;
				CLANG_WARN_DEPRECATED_OBJC_IMPLEMENTATIONS = YES;
				CLANG_WARN_DIRECT_OBJC_ISA_USAGE = YES_ERROR;
				CLANG_WARN_DOCUMENTATION_COMMENTS = YES;
				CLANG_WARN_EMPTY_BODY = YES;
				CLANG_WARN_ENUM_CONVERSION = YES;
				CLANG_WARN_INFINITE_RECURSION = YES;
				CLANG_WARN_INT_CONVERSION = YES;
				CLANG_WARN_NON_LITERAL_NULL_CONVERSION = YES;
				CLANG_WARN_OBJC_IMPLICIT_RETAIN_SELF = YES;
				CLANG_WARN_OBJC_LITERAL_CONVERSION = YES;
				CLANG_WARN_OBJC_ROOT_CLASS = YES_ERROR;
				CLANG_WARN_QUOTED_INCLUDE_IN_FRAMEWORK_HEADER = YES;
				CLANG_WARN_RANGE_LOOP_ANALYSIS = YES;
				CLANG_WARN_STRICT_PROTOTYPES = YES;
				CLANG_WARN_SUSPICIOUS_MOVE = YES;
				CLANG_WARN_UNGUARDED_AVAILABILITY = YES_AGGRESSIVE;
				CLANG_WARN_UNREACHABLE_CODE = YES;
				CLANG_WARN__DUPLICATE_METHOD_MATCH = YES;
				COPY_PHASE_STRIP = NO;
				DEBUG_INFORMATION_FORMAT = "dwarf-with-dsym";
				ENABLE_NS_ASSERTIONS = NO;
				ENABLE_STRICT_OBJC_MSGSEND = YES;
				ENABLE_USER_SCRIPT_SANDBOXING = YES;
				GCC_C_LANGUAGE_STANDARD = gnu17;
				GCC_NO_COMMON_BLOCKS = YES;
				GCC_WARN_64_TO_32_BIT_CONVERSION = YES;
				GCC_WARN_ABOUT_RETURN_TYPE = YES_ERROR;
				GCC_WARN_UNDECLARED_SELECTOR = YES;
				GCC_WARN_UNINITIALIZED_AUTOS = YES_AGGRESSIVE;
				GCC_WARN_UNUSED_FUNCTION = YES;
				GCC_WARN_UNUSED_VARIABLE = YES;
				IPHONEOS_DEPLOYMENT_TARGET = 17.2;
				LOCALIZATION_PREFERS_STRING_CATALOGS = YES;
				MTL_ENABLE_DEBUG_INFO = NO;
				MTL_FAST_MATH = YES;
				SDKROOT = iphoneos;
				SWIFT_COMPILATION_MODE = wholemodule;
				VALIDATE_PRODUCT = YES;
			};
			name = Release;
		};
		D1126C6E2CE3092900F3558A /* Debug */ = {
			isa = XCBuildConfiguration;
			buildSettings = {
				ASSETCATALOG_COMPILER_APPICON_NAME = AppIcon;
				ASSETCATALOG_COMPILER_GLOBAL_ACCENT_COLOR_NAME = AccentColor;
				CODE_SIGN_STYLE = Automatic;
				CURRENT_PROJECT_VERSION = 1;
				DEVELOPMENT_ASSET_PATHS = "\"Swipe/Preview Content\"";
				DEVELOPMENT_TEAM = 93J5WL8H3Z;
				ENABLE_PREVIEWS = YES;
				GENERATE_INFOPLIST_FILE = YES;
				INFOPLIST_FILE = Swipe/Info.plist;
				INFOPLIST_KEY_UIApplicationSceneManifest_Generation = YES;
				INFOPLIST_KEY_UIApplicationSupportsIndirectInputEvents = YES;
				INFOPLIST_KEY_UILaunchScreen_Generation = YES;
				INFOPLIST_KEY_UISupportedInterfaceOrientations_iPad = "UIInterfaceOrientationPortrait UIInterfaceOrientationPortraitUpsideDown UIInterfaceOrientationLandscapeLeft UIInterfaceOrientationLandscapeRight";
				INFOPLIST_KEY_UISupportedInterfaceOrientations_iPhone = "UIInterfaceOrientationPortrait UIInterfaceOrientationLandscapeLeft UIInterfaceOrientationLandscapeRight";
				LD_RUNPATH_SEARCH_PATHS = (
					"$(inherited)",
					"@executable_path/Frameworks",
				);
				MARKETING_VERSION = 1.0;
				PRODUCT_BUNDLE_IDENTIFIER = com.Nafeez.Swipe;
				PRODUCT_NAME = "$(TARGET_NAME)";
				SWIFT_EMIT_LOC_STRINGS = YES;
				SWIFT_VERSION = 5.0;
				TARGETED_DEVICE_FAMILY = "1,2";
			};
			name = Debug;
		};
		D1126C6F2CE3092900F3558A /* Release */ = {
			isa = XCBuildConfiguration;
			buildSettings = {
				ASSETCATALOG_COMPILER_APPICON_NAME = AppIcon;
				ASSETCATALOG_COMPILER_GLOBAL_ACCENT_COLOR_NAME = AccentColor;
				CODE_SIGN_STYLE = Automatic;
				CURRENT_PROJECT_VERSION = 1;
				DEVELOPMENT_ASSET_PATHS = "\"Swipe/Preview Content\"";
				DEVELOPMENT_TEAM = 93J5WL8H3Z;
				ENABLE_PREVIEWS = YES;
				GENERATE_INFOPLIST_FILE = YES;
				INFOPLIST_FILE = Swipe/Info.plist;
				INFOPLIST_KEY_UIApplicationSceneManifest_Generation = YES;
				INFOPLIST_KEY_UIApplicationSupportsIndirectInputEvents = YES;
				INFOPLIST_KEY_UILaunchScreen_Generation = YES;
				INFOPLIST_KEY_UISupportedInterfaceOrientations_iPad = "UIInterfaceOrientationPortrait UIInterfaceOrientationPortraitUpsideDown UIInterfaceOrientationLandscapeLeft UIInterfaceOrientationLandscapeRight";
				INFOPLIST_KEY_UISupportedInterfaceOrientations_iPhone = "UIInterfaceOrientationPortrait UIInterfaceOrientationLandscapeLeft UIInterfaceOrientationLandscapeRight";
				LD_RUNPATH_SEARCH_PATHS = (
					"$(inherited)",
					"@executable_path/Frameworks",
				);
				MARKETING_VERSION = 1.0;
				PRODUCT_BUNDLE_IDENTIFIER = com.Nafeez.Swipe;
				PRODUCT_NAME = "$(TARGET_NAME)";
				SWIFT_EMIT_LOC_STRINGS = YES;
				SWIFT_VERSION = 5.0;
				TARGETED_DEVICE_FAMILY = "1,2";
			};
			name = Release;
		};
/* End XCBuildConfiguration section */

/* Begin XCConfigurationList section */
		D1126C5A2CE3092700F3558A /* Build configuration list for PBXProject "Swipe" */ = {
			isa = XCConfigurationList;
			buildConfigurations = (
				D1126C6B2CE3092900F3558A /* Debug */,
				D1126C6C2CE3092900F3558A /* Release */,
			);
			defaultConfigurationIsVisible = 0;
			defaultConfigurationName = Release;
		};
		D1126C6D2CE3092900F3558A /* Build configuration list for PBXNativeTarget "Swipe" */ = {
			isa = XCConfigurationList;
			buildConfigurations = (
				D1126C6E2CE3092900F3558A /* Debug */,
				D1126C6F2CE3092900F3558A /* Release */,
			);
			defaultConfigurationIsVisible = 0;
			defaultConfigurationName = Release;
		};
/* End XCConfigurationList section */

/* Begin XCRemoteSwiftPackageReference section */
		D1126C9C2CE9E7F000F3558A /* XCRemoteSwiftPackageReference "rive-ios" */ = {
			isa = XCRemoteSwiftPackageReference;
			repositoryURL = "https://github.com/rive-app/rive-ios";
			requirement = {
				kind = upToNextMajorVersion;
				minimumVersion = 6.3.7;
			};
		};
		D1126CA82CEB6E3600F3558A /* XCRemoteSwiftPackageReference "lottie-ios" */ = {
			isa = XCRemoteSwiftPackageReference;
			repositoryURL = "https://github.com/airbnb/lottie-ios.git";
			requirement = {
				kind = upToNextMajorVersion;
				minimumVersion = 4.5.0;
			};
		};
/* End XCRemoteSwiftPackageReference section */

/* Begin XCSwiftPackageProductDependency section */
		D1126C9D2CE9E7F000F3558A /* RiveRuntime */ = {
			isa = XCSwiftPackageProductDependency;
			package = D1126C9C2CE9E7F000F3558A /* XCRemoteSwiftPackageReference "rive-ios" */;
			productName = RiveRuntime;
		};
		D1126CA92CEB6E3600F3558A /* Lottie */ = {
			isa = XCSwiftPackageProductDependency;
			package = D1126CA82CEB6E3600F3558A /* XCRemoteSwiftPackageReference "lottie-ios" */;
			productName = Lottie;
		};
/* End XCSwiftPackageProductDependency section */
	};
	rootObject = D1126C572CE3092700F3558A /* Project object */;
}
